// !$*UTF8*$!
{
	archiveVersion = 1;
	classes = {
	};
	objectVersion = 48;
	objects = {

/* Begin PBXBuildFile section */
		FA3FF0BA1FCE737C00D249DE /* AppDelegate.swift in Sources */ = {isa = PBXBuildFile; fileRef = FA3FF0B91FCE737C00D249DE /* AppDelegate.swift */; };
		FA3FF0BC1FCE737C00D249DE /* GoalsVC.swift in Sources */ = {isa = PBXBuildFile; fileRef = FA3FF0BB1FCE737C00D249DE /* GoalsVC.swift */; };
		FA3FF0BF1FCE737C00D249DE /* Main.storyboard in Resources */ = {isa = PBXBuildFile; fileRef = FA3FF0BD1FCE737C00D249DE /* Main.storyboard */; };
		FA3FF0C21FCE737C00D249DE /* Goal_Check.xcdatamodeld in Sources */ = {isa = PBXBuildFile; fileRef = FA3FF0C01FCE737C00D249DE /* Goal_Check.xcdatamodeld */; };
		FA3FF0C41FCE737C00D249DE /* Assets.xcassets in Resources */ = {isa = PBXBuildFile; fileRef = FA3FF0C31FCE737C00D249DE /* Assets.xcassets */; };
		FA3FF0C71FCE737C00D249DE /* LaunchScreen.storyboard in Resources */ = {isa = PBXBuildFile; fileRef = FA3FF0C51FCE737C00D249DE /* LaunchScreen.storyboard */; };
		FA56D36F1FD0F1E1006E4345 /* GoalCell.swift in Sources */ = {isa = PBXBuildFile; fileRef = FA56D36E1FD0F1E1006E4345 /* GoalCell.swift */; };
		FA56D3711FD2646A006E4345 /* GoalType.swift in Sources */ = {isa = PBXBuildFile; fileRef = FA56D3701FD2646A006E4345 /* GoalType.swift */; };
		FA56D3731FD27410006E4345 /* CreateGoalVC.swift in Sources */ = {isa = PBXBuildFile; fileRef = FA56D3721FD27410006E4345 /* CreateGoalVC.swift */; };
		FA56D3751FD3B1E2006E4345 /* UIViewControllerExt.swift in Sources */ = {isa = PBXBuildFile; fileRef = FA56D3741FD3B1E2006E4345 /* UIViewControllerExt.swift */; };
/* End PBXBuildFile section */

/* Begin PBXFileReference section */
		FA3FF0B61FCE737C00D249DE /* Goal Check.app */ = {isa = PBXFileReference; explicitFileType = wrapper.application; includeInIndex = 0; path = "Goal Check.app"; sourceTree = BUILT_PRODUCTS_DIR; };
		FA3FF0B91FCE737C00D249DE /* AppDelegate.swift */ = {isa = PBXFileReference; lastKnownFileType = sourcecode.swift; path = AppDelegate.swift; sourceTree = "<group>"; };
		FA3FF0BB1FCE737C00D249DE /* GoalsVC.swift */ = {isa = PBXFileReference; lastKnownFileType = sourcecode.swift; path = GoalsVC.swift; sourceTree = "<group>"; };
		FA3FF0BE1FCE737C00D249DE /* Base */ = {isa = PBXFileReference; lastKnownFileType = file.storyboard; name = Base; path = Base.lproj/Main.storyboard; sourceTree = "<group>"; };
		FA3FF0C11FCE737C00D249DE /* Goal_Check.xcdatamodel */ = {isa = PBXFileReference; lastKnownFileType = wrapper.xcdatamodel; path = Goal_Check.xcdatamodel; sourceTree = "<group>"; };
		FA3FF0C31FCE737C00D249DE /* Assets.xcassets */ = {isa = PBXFileReference; lastKnownFileType = folder.assetcatalog; path = Assets.xcassets; sourceTree = "<group>"; };
		FA3FF0C61FCE737C00D249DE /* Base */ = {isa = PBXFileReference; lastKnownFileType = file.storyboard; name = Base; path = Base.lproj/LaunchScreen.storyboard; sourceTree = "<group>"; };
		FA3FF0C81FCE737C00D249DE /* Info.plist */ = {isa = PBXFileReference; lastKnownFileType = text.plist.xml; path = Info.plist; sourceTree = "<group>"; };
		FA56D36E1FD0F1E1006E4345 /* GoalCell.swift */ = {isa = PBXFileReference; lastKnownFileType = sourcecode.swift; path = GoalCell.swift; sourceTree = "<group>"; };
		FA56D3701FD2646A006E4345 /* GoalType.swift */ = {isa = PBXFileReference; lastKnownFileType = sourcecode.swift; path = GoalType.swift; sourceTree = "<group>"; };
		FA56D3721FD27410006E4345 /* CreateGoalVC.swift */ = {isa = PBXFileReference; lastKnownFileType = sourcecode.swift; path = CreateGoalVC.swift; sourceTree = "<group>"; };
		FA56D3741FD3B1E2006E4345 /* UIViewControllerExt.swift */ = {isa = PBXFileReference; lastKnownFileType = sourcecode.swift; path = UIViewControllerExt.swift; sourceTree = "<group>"; };
/* End PBXFileReference section */

/* Begin PBXFrameworksBuildPhase section */
		FA3FF0B31FCE737C00D249DE /* Frameworks */ = {
			isa = PBXFrameworksBuildPhase;
			buildActionMask = 2147483647;
			files = (
			);
			runOnlyForDeploymentPostprocessing = 0;
		};
/* End PBXFrameworksBuildPhase section */

/* Begin PBXGroup section */
		FA3FF0AD1FCE737C00D249DE = {
			isa = PBXGroup;
			children = (
				FA3FF0B81FCE737C00D249DE /* Goal Check */,
				FA3FF0B71FCE737C00D249DE /* Products */,
			);
			sourceTree = "<group>";
		};
		FA3FF0B71FCE737C00D249DE /* Products */ = {
			isa = PBXGroup;
			children = (
				FA3FF0B61FCE737C00D249DE /* Goal Check.app */,
			);
			name = Products;
			sourceTree = "<group>";
		};
		FA3FF0B81FCE737C00D249DE /* Goal Check */ = {
			isa = PBXGroup;
			children = (
				FA3FF0D11FCE789100D249DE /* Extensions */,
				FA3FF0D01FCE788A00D249DE /* Enums */,
				FA3FF0CF1FCE786F00D249DE /* View */,
				FA3FF0CE1FCE786100D249DE /* Controller */,
				FA3FF0B91FCE737C00D249DE /* AppDelegate.swift */,
				FA3FF0BD1FCE737C00D249DE /* Main.storyboard */,
				FA3FF0C31FCE737C00D249DE /* Assets.xcassets */,
				FA3FF0C51FCE737C00D249DE /* LaunchScreen.storyboard */,
				FA3FF0C81FCE737C00D249DE /* Info.plist */,
				FA3FF0C01FCE737C00D249DE /* Goal_Check.xcdatamodeld */,
			);
			path = "Goal Check";
			sourceTree = "<group>";
		};
		FA3FF0CE1FCE786100D249DE /* Controller */ = {
			isa = PBXGroup;
			children = (
				FA3FF0BB1FCE737C00D249DE /* GoalsVC.swift */,
				FA56D3721FD27410006E4345 /* CreateGoalVC.swift */,
			);
			path = Controller;
			sourceTree = "<group>";
		};
		FA3FF0CF1FCE786F00D249DE /* View */ = {
			isa = PBXGroup;
			children = (
				FA56D36E1FD0F1E1006E4345 /* GoalCell.swift */,
			);
			path = View;
			sourceTree = "<group>";
		};
		FA3FF0D01FCE788A00D249DE /* Enums */ = {
			isa = PBXGroup;
			children = (
				FA56D3701FD2646A006E4345 /* GoalType.swift */,
			);
			path = Enums;
			sourceTree = "<group>";
		};
		FA3FF0D11FCE789100D249DE /* Extensions */ = {
			isa = PBXGroup;
			children = (
				FA56D3741FD3B1E2006E4345 /* UIViewControllerExt.swift */,
			);
			path = Extensions;
			sourceTree = "<group>";
		};
/* End PBXGroup section */

/* Begin PBXNativeTarget section */
		FA3FF0B51FCE737C00D249DE /* Goal Check */ = {
			isa = PBXNativeTarget;
			buildConfigurationList = FA3FF0CB1FCE737D00D249DE /* Build configuration list for PBXNativeTarget "Goal Check" */;
			buildPhases = (
				FA3FF0B21FCE737C00D249DE /* Sources */,
				FA3FF0B31FCE737C00D249DE /* Frameworks */,
				FA3FF0B41FCE737C00D249DE /* Resources */,
			);
			buildRules = (
			);
			dependencies = (
			);
			name = "Goal Check";
			productName = "Goal Check";
			productReference = FA3FF0B61FCE737C00D249DE /* Goal Check.app */;
			productType = "com.apple.product-type.application";
		};
/* End PBXNativeTarget section */

/* Begin PBXProject section */
		FA3FF0AE1FCE737C00D249DE /* Project object */ = {
			isa = PBXProject;
			attributes = {
				LastSwiftUpdateCheck = 0910;
				LastUpgradeCheck = 0910;
				ORGANIZATIONNAME = "Alex Wong";
				TargetAttributes = {
					FA3FF0B51FCE737C00D249DE = {
						CreatedOnToolsVersion = 9.1;
						ProvisioningStyle = Automatic;
					};
				};
			};
			buildConfigurationList = FA3FF0B11FCE737C00D249DE /* Build configuration list for PBXProject "Goal Check" */;
			compatibilityVersion = "Xcode 8.0";
			developmentRegion = en;
			hasScannedForEncodings = 0;
			knownRegions = (
				en,
				Base,
			);
			mainGroup = FA3FF0AD1FCE737C00D249DE;
			productRefGroup = FA3FF0B71FCE737C00D249DE /* Products */;
			projectDirPath = "";
			projectRoot = "";
			targets = (
				FA3FF0B51FCE737C00D249DE /* Goal Check */,
			);
		};
/* End PBXProject section */

/* Begin PBXResourcesBuildPhase section */
		FA3FF0B41FCE737C00D249DE /* Resources */ = {
			isa = PBXResourcesBuildPhase;
			buildActionMask = 2147483647;
			files = (
				FA3FF0C71FCE737C00D249DE /* LaunchScreen.storyboard in Resources */,
				FA3FF0C41FCE737C00D249DE /* Assets.xcassets in Resources */,
				FA3FF0BF1FCE737C00D249DE /* Main.storyboard in Resources */,
			);
			runOnlyForDeploymentPostprocessing = 0;
		};
/* End PBXResourcesBuildPhase section */

/* Begin PBXSourcesBuildPhase section */
		FA3FF0B21FCE737C00D249DE /* Sources */ = {
			isa = PBXSourcesBuildPhase;
			buildActionMask = 2147483647;
			files = (
				FA56D36F1FD0F1E1006E4345 /* GoalCell.swift in Sources */,
				FA56D3731FD27410006E4345 /* CreateGoalVC.swift in Sources */,
				FA56D3711FD2646A006E4345 /* GoalType.swift in Sources */,
				FA3FF0BC1FCE737C00D249DE /* GoalsVC.swift in Sources */,
				FA3FF0C21FCE737C00D249DE /* Goal_Check.xcdatamodeld in Sources */,
				FA56D3751FD3B1E2006E4345 /* UIViewControllerExt.swift in Sources */,
				FA3FF0BA1FCE737C00D249DE /* AppDelegate.swift in Sources */,
			);
			runOnlyForDeploymentPostprocessing = 0;
		};
/* End PBXSourcesBuildPhase section */

/* Begin PBXVariantGroup section */
		FA3FF0BD1FCE737C00D249DE /* Main.storyboard */ = {
			isa = PBXVariantGroup;
			children = (
				FA3FF0BE1FCE737C00D249DE /* Base */,
			);
			name = Main.storyboard;
			sourceTree = "<group>";
		};
		FA3FF0C51FCE737C00D249DE /* LaunchScreen.storyboard */ = {
			isa = PBXVariantGroup;
			children = (
				FA3FF0C61FCE737C00D249DE /* Base */,
			);
			name = LaunchScreen.storyboard;
			sourceTree = "<group>";
		};
/* End PBXVariantGroup section */

/* Begin XCBuildConfiguration section */
		FA3FF0C91FCE737D00D249DE /* Debug */ = {
			isa = XCBuildConfiguration;
			buildSettings = {
				ALWAYS_SEARCH_USER_PATHS = NO;
				CLANG_ANALYZER_NONNULL = YES;
				CLANG_ANALYZER_NUMBER_OBJECT_CONVERSION = YES_AGGRESSIVE;
				CLANG_CXX_LANGUAGE_STANDARD = "gnu++14";
				CLANG_CXX_LIBRARY = "libc++";
				CLANG_ENABLE_MODULES = YES;
				CLANG_ENABLE_OBJC_ARC = YES;
				CLANG_WARN_BLOCK_CAPTURE_AUTORELEASING = YES;
				CLANG_WARN_BOOL_CONVERSION = YES;
				CLANG_WARN_COMMA = YES;
				CLANG_WARN_CONSTANT_CONVERSION = YES;
				CLANG_WARN_DIRECT_OBJC_ISA_USAGE = YES_ERROR;
				CLANG_WARN_DOCUMENTATION_COMMENTS = YES;
				CLANG_WARN_EMPTY_BODY = YES;
				CLANG_WARN_ENUM_CONVERSION = YES;
				CLANG_WARN_INFINITE_RECURSION = YES;
				CLANG_WARN_INT_CONVERSION = YES;
				CLANG_WARN_NON_LITERAL_NULL_CONVERSION = YES;
				CLANG_WARN_OBJC_LITERAL_CONVERSION = YES;
				CLANG_WARN_OBJC_ROOT_CLASS = YES_ERROR;
				CLANG_WARN_RANGE_LOOP_ANALYSIS = YES;
				CLANG_WARN_STRICT_PROTOTYPES = YES;
				CLANG_WARN_SUSPICIOUS_MOVE = YES;
				CLANG_WARN_UNGUARDED_AVAILABILITY = YES_AGGRESSIVE;
				CLANG_WARN_UNREACHABLE_CODE = YES;
				CLANG_WARN__DUPLICATE_METHOD_MATCH = YES;
				CODE_SIGN_IDENTITY = "iPhone Developer";
				COPY_PHASE_STRIP = NO;
				DEBUG_INFORMATION_FORMAT = dwarf;
				ENABLE_STRICT_OBJC_MSGSEND = YES;
				ENABLE_TESTABILITY = YES;
				GCC_C_LANGUAGE_STANDARD = gnu11;
				GCC_DYNAMIC_NO_PIC = NO;
				GCC_NO_COMMON_BLOCKS = YES;
				GCC_OPTIMIZATION_LEVEL = 0;
				GCC_PREPROCESSOR_DEFINITIONS = (
					"DEBUG=1",
					"$(inherited)",
				);
				GCC_WARN_64_TO_32_BIT_CONVERSION = YES;
				GCC_WARN_ABOUT_RETURN_TYPE = YES_ERROR;
				GCC_WARN_UNDECLARED_SELECTOR = YES;
				GCC_WARN_UNINITIALIZED_AUTOS = YES_AGGRESSIVE;
				GCC_WARN_UNUSED_FUNCTION = YES;
				GCC_WARN_UNUSED_VARIABLE = YES;
				IPHONEOS_DEPLOYMENT_TARGET = 11.1;
				MTL_ENABLE_DEBUG_INFO = YES;
				ONLY_ACTIVE_ARCH = YES;
				SDKROOT = iphoneos;
				SWIFT_ACTIVE_COMPILATION_CONDITIONS = DEBUG;
				SWIFT_OPTIMIZATION_LEVEL = "-Onone";
			};
			name = Debug;
		};
		FA3FF0CA1FCE737D00D249DE /* Release */ = {
			isa = XCBuildConfiguration;
			buildSettings = {
				ALWAYS_SEARCH_USER_PATHS = NO;
				CLANG_ANALYZER_NONNULL = YES;
				CLANG_ANALYZER_NUMBER_OBJECT_CONVERSION = YES_AGGRESSIVE;
				CLANG_CXX_LANGUAGE_STANDARD = "gnu++14";
				CLANG_CXX_LIBRARY = "libc++";
				CLANG_ENABLE_MODULES = YES;
				CLANG_ENABLE_OBJC_ARC = YES;
				CLANG_WARN_BLOCK_CAPTURE_AUTORELEASING = YES;
				CLANG_WARN_BOOL_CONVERSION = YES;
				CLANG_WARN_COMMA = YES;
				CLANG_WARN_CONSTANT_CONVERSION = YES;
				CLANG_WARN_DIRECT_OBJC_ISA_USAGE = YES_ERROR;
				CLANG_WARN_DOCUMENTATION_COMMENTS = YES;
				CLANG_WARN_EMPTY_BODY = YES;
				CLANG_WARN_ENUM_CONVERSION = YES;
				CLANG_WARN_INFINITE_RECURSION = YES;
				CLANG_WARN_INT_CONVERSION = YES;
				CLANG_WARN_NON_LITERAL_NULL_CONVERSION = YES;
				CLANG_WARN_OBJC_LITERAL_CONVERSION = YES;
				CLANG_WARN_OBJC_ROOT_CLASS = YES_ERROR;
				CLANG_WARN_RANGE_LOOP_ANALYSIS = YES;
				CLANG_WARN_STRICT_PROTOTYPES = YES;
				CLANG_WARN_SUSPICIOUS_MOVE = YES;
				CLANG_WARN_UNGUARDED_AVAILABILITY = YES_AGGRESSIVE;
				CLANG_WARN_UNREACHABLE_CODE = YES;
				CLANG_WARN__DUPLICATE_METHOD_MATCH = YES;
				CODE_SIGN_IDENTITY = "iPhone Developer";
				COPY_PHASE_STRIP = NO;
				DEBUG_INFORMATION_FORMAT = "dwarf-with-dsym";
				ENABLE_NS_ASSERTIONS = NO;
				ENABLE_STRICT_OBJC_MSGSEND = YES;
				GCC_C_LANGUAGE_STANDARD = gnu11;
				GCC_NO_COMMON_BLOCKS = YES;
				GCC_WARN_64_TO_32_BIT_CONVERSION = YES;
				GCC_WARN_ABOUT_RETURN_TYPE = YES_ERROR;
				GCC_WARN_UNDECLARED_SELECTOR = YES;
				GCC_WARN_UNINITIALIZED_AUTOS = YES_AGGRESSIVE;
				GCC_WARN_UNUSED_FUNCTION = YES;
				GCC_WARN_UNUSED_VARIABLE = YES;
				IPHONEOS_DEPLOYMENT_TARGET = 11.1;
				MTL_ENABLE_DEBUG_INFO = NO;
				SDKROOT = iphoneos;
				SWIFT_OPTIMIZATION_LEVEL = "-Owholemodule";
				VALIDATE_PRODUCT = YES;
			};
			name = Release;
		};
		FA3FF0CC1FCE737D00D249DE /* Debug */ = {
			isa = XCBuildConfiguration;
			buildSettings = {
				ASSETCATALOG_COMPILER_APPICON_NAME = AppIcon;
				CODE_SIGN_STYLE = Automatic;
				DEVELOPMENT_TEAM = 7DZAV3VM24;
				INFOPLIST_FILE = "Goal Check/Info.plist";
				LD_RUNPATH_SEARCH_PATHS = "$(inherited) @executable_path/Frameworks";
				PRODUCT_BUNDLE_IDENTIFIER = "com.alwongg.Goal-Check";
				PRODUCT_NAME = "$(TARGET_NAME)";
				SWIFT_VERSION = 4.0;
				TARGETED_DEVICE_FAMILY = "1,2";
			};
			name = Debug;
		};
		FA3FF0CD1FCE737D00D249DE /* Release */ = {
			isa = XCBuildConfiguration;
			buildSettings = {
				ASSETCATALOG_COMPILER_APPICON_NAME = AppIcon;
				CODE_SIGN_STYLE = Automatic;
				DEVELOPMENT_TEAM = 7DZAV3VM24;
				INFOPLIST_FILE = "Goal Check/Info.plist";
				LD_RUNPATH_SEARCH_PATHS = "$(inherited) @executable_path/Frameworks";
				PRODUCT_BUNDLE_IDENTIFIER = "com.alwongg.Goal-Check";
				PRODUCT_NAME = "$(TARGET_NAME)";
				SWIFT_VERSION = 4.0;
				TARGETED_DEVICE_FAMILY = "1,2";
			};
			name = Release;
		};
/* End XCBuildConfiguration section */

/* Begin XCConfigurationList section */
		FA3FF0B11FCE737C00D249DE /* Build configuration list for PBXProject "Goal Check" */ = {
			isa = XCConfigurationList;
			buildConfigurations = (
				FA3FF0C91FCE737D00D249DE /* Debug */,
				FA3FF0CA1FCE737D00D249DE /* Release */,
			);
			defaultConfigurationIsVisible = 0;
			defaultConfigurationName = Release;
		};
		FA3FF0CB1FCE737D00D249DE /* Build configuration list for PBXNativeTarget "Goal Check" */ = {
			isa = XCConfigurationList;
			buildConfigurations = (
				FA3FF0CC1FCE737D00D249DE /* Debug */,
				FA3FF0CD1FCE737D00D249DE /* Release */,
			);
			defaultConfigurationIsVisible = 0;
			defaultConfigurationName = Release;
		};
/* End XCConfigurationList section */

/* Begin XCVersionGroup section */
		FA3FF0C01FCE737C00D249DE /* Goal_Check.xcdatamodeld */ = {
			isa = XCVersionGroup;
			children = (
				FA3FF0C11FCE737C00D249DE /* Goal_Check.xcdatamodel */,
			);
			currentVersion = FA3FF0C11FCE737C00D249DE /* Goal_Check.xcdatamodel */;
			path = Goal_Check.xcdatamodeld;
			sourceTree = "<group>";
			versionGroupType = wrapper.xcdatamodel;
		};
/* End XCVersionGroup section */
	};
	rootObject = FA3FF0AE1FCE737C00D249DE /* Project object */;
}
